
Microsoft Visual Studio Solution File, Format Version 12.00
# Visual Studio Version 17
VisualStudioVersion = 17.1.32210.238
MinimumVisualStudioVersion = 10.0.40219.1
Project("{FAE04EC0-301F-11D3-BF4B-00C04F79EFBC}") = "Serialization", "Serialization\Serialization.csproj", "{CE128C92-832B-4C0D-B90D-76B98710BD4B}"
EndProject
Global
	GlobalSection(SolutionConfigurationPlatforms) = preSolution
		Debug|Any CPU = Debug|Any CPU
		Release|Any CPU = Release|Any CPU
	EndGlobalSection
	GlobalSection(ProjectConfigurationPlatforms) = postSolution
		{CE128C92-832B-4C0D-B90D-76B98710BD4B}.Debug|Any CPU.ActiveCfg = Debug|Any CPU
		{CE128C92-832B-4C0D-B90D-76B98710BD4B}.Debug|Any CPU.Build.0 = Debug|Any CPU
		{CE128C92-832B-4C0D-B90D-76B98710BD4B}.Release|Any CPU.ActiveCfg = Release|Any CPU
		{CE128C92-832B-4C0D-B90D-76B98710BD4B}.Release|Any CPU.Build.0 = Release|Any CPU
	EndGlobalSection
	GlobalSection(SolutionProperties) = preSolution
		HideSolutionNode = FALSE
	EndGlobalSection
	GlobalSection(ExtensibilityGlobals) = postSolution
		SolutionGuid = {2E9BF3B5-84C7-4C64-A5D5-8F04DA5ADA7D}
	EndGlobalSection
EndGlobal
